
Microsoft Visual Studio Solution File, Format Version 12.00
# Visual Studio Version 16
VisualStudioVersion = 25.0.1706.14
MinimumVisualStudioVersion = 10.0.40219.1
Project("{FAE04EC0-301F-11D3-BF4B-00C04F79EFBC}") = "formsapp.Android", "formsapp\formsapp.Android\formsapp.Android.csproj", "{6EA5E4F4-741C-44D0-8168-729159B596F3}"
EndProject
Project("{FAE04EC0-301F-11D3-BF4B-00C04F79EFBC}") = "formsapp", "formsapp\formsapp\formsapp.csproj", "{EAE5B7CD-7B20-4826-83F0-9B4B38A2518D}"
EndProject
Global
	GlobalSection(SolutionConfigurationPlatforms) = preSolution
		Debug|Any CPU = Debug|Any CPU
		Release|Any CPU = Release|Any CPU
	EndGlobalSection
	GlobalSection(ProjectConfigurationPlatforms) = postSolution
		{6EA5E4F4-741C-44D0-8168-729159B596F3}.Debug|Any CPU.ActiveCfg = Debug|Any CPU
		{6EA5E4F4-741C-44D0-8168-729159B596F3}.Debug|Any CPU.Build.0 = Debug|Any CPU
		{6EA5E4F4-741C-44D0-8168-729159B596F3}.Release|Any CPU.ActiveCfg = Release|Any CPU
		{6EA5E4F4-741C-44D0-8168-729159B596F3}.Release|Any CPU.Build.0 = Release|Any CPU
		{EAE5B7CD-7B20-4826-83F0-9B4B38A2518D}.Debug|Any CPU.ActiveCfg = Debug|Any CPU
		{EAE5B7CD-7B20-4826-83F0-9B4B38A2518D}.Debug|Any CPU.Build.0 = Debug|Any CPU
		{EAE5B7CD-7B20-4826-83F0-9B4B38A2518D}.Release|Any CPU.ActiveCfg = Release|Any CPU
		{EAE5B7CD-7B20-4826-83F0-9B4B38A2518D}.Release|Any CPU.Build.0 = Release|Any CPU
	EndGlobalSection
	GlobalSection(SolutionProperties) = preSolution
		HideSolutionNode = FALSE
	EndGlobalSection
	GlobalSection(ExtensibilityGlobals) = postSolution
		SolutionGuid = {86CC5728-2468-4D4D-8516-5B9C06DACB24}
	EndGlobalSection
EndGlobal
